# ray.lock — locked versions and hashes of the dependencies (generated by 'ray').
# Committed to the repository. Do not edit by hand.

[net]
url = "https://github.com/ray-language/net"
ref = "v0.1.0"
commit = "e3164a306361bef523f0c391492bd3e7979d0e25"
hash = "sha256:e477d3484b406f8fa9338e1b75cd2b79e3c31afab319f0577b6b36c796924bce"
