# ray.lock — locked versions and hashes of the dependencies (generated by 'ray').
# Committed to the repository. Do not edit by hand.

[net]
url = "https://github.com/ray-language/net"
ref = "v0.3.7"
commit = "12322b84081c3c47b92ca40a8f50bf97d84cf2e1"
hash = "sha256:2e153df8f3b905a1d67d98a9d00377da81e0ad4b914ead7b21ff9728f7801958"
